
Microsoft Visual Studio Solution File, Format Version 12.00
# Visual Studio Version 16
VisualStudioVersion = 16.0.29418.71
MinimumVisualStudioVersion = 10.0.40219.1
Project("{FAE04EC0-301F-11D3-BF4B-00C04F79EFBC}") = "UARTCOM", "UARTCOM2\UARTCOM.csproj", "{C3B2DF0F-A1B4-4E1C-899A-8CBB71EE5430}"
	ProjectSection(ProjectDependencies) = postProject
		{04123F59-331D-4582-BE0D-721FEAB6050F} = {04123F59-331D-4582-BE0D-721FEAB6050F}
	EndProjectSection
EndProject
Project("{FAE04EC0-301F-11D3-BF4B-00C04F79EFBC}") = "KnobControl", "..\..\..\..\..\Downloads\knobcontrol\KnobControl\KnobControl.csproj", "{04123F59-331D-4582-BE0D-721FEAB6050F}"
EndProject
Global
	GlobalSection(SolutionConfigurationPlatforms) = preSolution
		Debug|Any CPU = Debug|Any CPU
		Release|Any CPU = Release|Any CPU
	EndGlobalSection
	GlobalSection(ProjectConfigurationPlatforms) = postSolution
		{C3B2DF0F-A1B4-4E1C-899A-8CBB71EE5430}.Debug|Any CPU.ActiveCfg = Debug|Any CPU
		{C3B2DF0F-A1B4-4E1C-899A-8CBB71EE5430}.Debug|Any CPU.Build.0 = Debug|Any CPU
		{C3B2DF0F-A1B4-4E1C-899A-8CBB71EE5430}.Release|Any CPU.ActiveCfg = Release|Any CPU
		{C3B2DF0F-A1B4-4E1C-899A-8CBB71EE5430}.Release|Any CPU.Build.0 = Release|Any CPU
		{04123F59-331D-4582-BE0D-721FEAB6050F}.Debug|Any CPU.ActiveCfg = Debug|Any CPU
		{04123F59-331D-4582-BE0D-721FEAB6050F}.Debug|Any CPU.Build.0 = Debug|Any CPU
		{04123F59-331D-4582-BE0D-721FEAB6050F}.Release|Any CPU.ActiveCfg = Release|Any CPU
		{04123F59-331D-4582-BE0D-721FEAB6050F}.Release|Any CPU.Build.0 = Release|Any CPU
	EndGlobalSection
	GlobalSection(SolutionProperties) = preSolution
		HideSolutionNode = FALSE
	EndGlobalSection
	GlobalSection(ExtensibilityGlobals) = postSolution
		SolutionGuid = {DB7A5351-4A73-44D5-AF89-E05097B3C19C}
	EndGlobalSection
EndGlobal
